{
  "name": "useless-linkedin-skill",
  "version": "0.3.0",
  "lockfileVersion": 3,
  "requires": true,
  "packages": {
    "": {
      "name": "useless-linkedin-skill",
      "version": "0.3.0",
      "dependencies": {
        "interactjs": "1.10.28",
        "playwright": "1.63.0"
      },
      "engines": {
        "node": ">=24"
      }
    },
    "node_modules/@interactjs/types": {
      "version": "1.10.28",
      "resolved": "https://registry.npmjs.org/@interactjs/types/-/types-1.10.28.tgz",
      "integrity": "sha512-vPmu4HWmsg0Fub3BPKGk7DuozkhgVK84TVkziY47v8Uh0A14gph55/vVRaQN4oZov0lGNJNK6Jyddim2qd/4vw==",
      "license": "MIT"
    },
    "node_modules/interactjs": {
      "version": "1.10.28",
      "resolved": "https://registry.npmjs.org/interactjs/-/interactjs-1.10.28.tgz",
      "integrity": "sha512-QCa4ksTPd2p/FZ4I6hrH6fogjLqru1TxYywRiKYNuLZtrlAxTIYUa/MYsE7PnUgWZJU3SrGVDjiz065BeaXYng==",
      "license": "MIT",
      "dependencies": {
        "@interactjs/types": "1.10.28"
      }
    },
    "node_modules/playwright": {
      "version": "1.63.0",
      "resolved": "https://registry.npmjs.org/playwright/-/playwright-1.63.0.tgz",
      "integrity": "sha512-+7ziBLidS4NaNCdt57SUDT+wYmmd5fmiQejUic/kb+YsYSCPyOOE9sebzMjNmQrsnNpDJqd4WHvV/8lfKfUDUg==",
      "license": "Apache-2.0",
      "dependencies": {
        "playwright-core": "1.63.0"
      },
      "bin": {
        "playwright": "cli.js"
      },
      "engines": {
        "node": ">=20"
      }
    },
    "node_modules/playwright-core": {
      "version": "1.63.0",
      "resolved": "https://registry.npmjs.org/playwright-core/-/playwright-core-1.63.0.tgz",
      "integrity": "sha512-rYCsBF/M5HjUch52bbtVONEFjv6Xu8sm8h72dNlR5bzIE1fvC/bxgspzkjSfU+MweEMmPM8KJebG6nnyxo5mCg==",
      "license": "Apache-2.0",
      "bin": {
        "playwright-core": "cli.js"
      },
      "engines": {
        "node": ">=20"
      }
    }
  }
}
