{
  "name": "useless-linkedin-skill",
  "version": "0.3.0",
  "lockfileVersion": 3,
  "requires": true,
  "packages": {
    "": {
      "name": "useless-linkedin-skill",
      "version": "0.3.0",
      "dependencies": {
        "impit": "0.14.5",
        "interactjs": "1.10.28",
        "playwright": "1.63.0",
        "robots-parser": "3.0.1",
        "stream-json": "3.7.0"
      },
      "engines": {
        "node": ">=24"
      }
    },
    "node_modules/@interactjs/types": {
      "version": "1.10.28",
      "resolved": "https://registry.npmjs.org/@interactjs/types/-/types-1.10.28.tgz",
      "integrity": "sha512-vPmu4HWmsg0Fub3BPKGk7DuozkhgVK84TVkziY47v8Uh0A14gph55/vVRaQN4oZov0lGNJNK6Jyddim2qd/4vw==",
      "license": "MIT"
    },
    "node_modules/impit": {
      "version": "0.14.5",
      "resolved": "https://registry.npmjs.org/impit/-/impit-0.14.5.tgz",
      "integrity": "sha512-MzoDiPBL5+QI5IEro4VDgZdm0BPY0LIf8tUykEFDjEI8NrjRL/qiiCqg4GDlIg5UbJzrKwCdvIgpRRArbbu7Dg==",
      "license": "Apache-2.0",
      "engines": {
        "node": ">= 20"
      },
      "optionalDependencies": {
        "impit-darwin-arm64": "0.14.5",
        "impit-darwin-x64": "0.14.5",
        "impit-linux-arm64-gnu": "0.14.5",
        "impit-linux-arm64-musl": "0.14.5",
        "impit-linux-x64-gnu": "0.14.5",
        "impit-linux-x64-musl": "0.14.5",
        "impit-win32-arm64-msvc": "0.14.5",
        "impit-win32-x64-msvc": "0.14.5"
      }
    },
    "node_modules/impit-darwin-arm64": {
      "version": "0.14.5",
      "resolved": "https://registry.npmjs.org/impit-darwin-arm64/-/impit-darwin-arm64-0.14.5.tgz",
      "integrity": "sha512-9B2fc/GLfb14SgIB6fK1zIgMsXPjCu14Xu9hudSyrZF+ue6XaJXFF/G1BS27FtDFdPAYAeUTReFOJBrglteYKg==",
      "cpu": [
        "arm64"
      ],
      "license": "Apache-2.0",
      "optional": true,
      "os": [
        "darwin"
      ],
      "engines": {
        "node": ">= 10"
      }
    },
    "node_modules/impit-darwin-x64": {
      "version": "0.14.5",
      "resolved": "https://registry.npmjs.org/impit-darwin-x64/-/impit-darwin-x64-0.14.5.tgz",
      "integrity": "sha512-EBH6H6SSRuMpw85/n+luT0EcbNbp6vQpUaEywH4bM2bk/xy8y6JN25O/Mzxa4YGUauoytmMqXs0kDzU5lxEjaA==",
      "cpu": [
        "x64"
      ],
      "license": "Apache-2.0",
      "optional": true,
      "os": [
        "darwin"
      ],
      "engines": {
        "node": ">= 10"
      }
    },
    "node_modules/impit-linux-arm64-gnu": {
      "version": "0.14.5",
      "resolved": "https://registry.npmjs.org/impit-linux-arm64-gnu/-/impit-linux-arm64-gnu-0.14.5.tgz",
      "integrity": "sha512-K7gB/KiekPZ+rDoFZqbBf1jROOHibZneGmM0lt/5xcn2lO+7e9GgArdPFj6sh4fvhtOckXxEc1ExpZP+lDy3Cg==",
      "cpu": [
        "arm64"
      ],
      "libc": [
        "glibc"
      ],
      "license": "Apache-2.0",
      "optional": true,
      "os": [
        "linux"
      ],
      "engines": {
        "node": ">= 10"
      }
    },
    "node_modules/impit-linux-arm64-musl": {
      "version": "0.14.5",
      "resolved": "https://registry.npmjs.org/impit-linux-arm64-musl/-/impit-linux-arm64-musl-0.14.5.tgz",
      "integrity": "sha512-QvjBwjYu1LXP+ota94z9fThRZjH75/Bai36eHvXUTiiFyesRRsmClc72ReyyaarnNNjcsl2RActqFMDrx77DXg==",
      "cpu": [
        "arm64"
      ],
      "libc": [
        "musl"
      ],
      "license": "Apache-2.0",
      "optional": true,
      "os": [
        "linux"
      ],
      "engines": {
        "node": ">= 10"
      }
    },
    "node_modules/impit-linux-x64-gnu": {
      "version": "0.14.5",
      "resolved": "https://registry.npmjs.org/impit-linux-x64-gnu/-/impit-linux-x64-gnu-0.14.5.tgz",
      "integrity": "sha512-+8hErR5H3+4N9r4vf5Cz6cSe57n/0zh5ksHBu2H9i5pENcM/VBRJ5qU5a3YjQwN4Ohtw/ROHBLF6V99eXUzThA==",
      "cpu": [
        "x64"
      ],
      "libc": [
        "glibc"
      ],
      "license": "Apache-2.0",
      "optional": true,
      "os": [
        "linux"
      ],
      "engines": {
        "node": ">= 10"
      }
    },
    "node_modules/impit-linux-x64-musl": {
      "version": "0.14.5",
      "resolved": "https://registry.npmjs.org/impit-linux-x64-musl/-/impit-linux-x64-musl-0.14.5.tgz",
      "integrity": "sha512-e6526hjfX8BV3XNhB1V7Xd3dJIEbLEwudZagwt4XdLqKcxHsU0iYnUyTJCogSQeEtZFepCSKUnGeg/r2lzxHow==",
      "cpu": [
        "x64"
      ],
      "libc": [
        "musl"
      ],
      "license": "Apache-2.0",
      "optional": true,
      "os": [
        "linux"
      ],
      "engines": {
        "node": ">= 10"
      }
    },
    "node_modules/impit-win32-arm64-msvc": {
      "version": "0.14.5",
      "resolved": "https://registry.npmjs.org/impit-win32-arm64-msvc/-/impit-win32-arm64-msvc-0.14.5.tgz",
      "integrity": "sha512-cABSwp3T1kNNp7++nyE8OlRuq8q9Cis3bWRHJjnTncfJ+NQlY0z1z3aLrI9ii1vvinCurCEWASuTptVSor5U1g==",
      "cpu": [
        "arm64"
      ],
      "license": "Apache-2.0",
      "optional": true,
      "os": [
        "win32"
      ],
      "engines": {
        "node": ">= 10"
      }
    },
    "node_modules/impit-win32-x64-msvc": {
      "version": "0.14.5",
      "resolved": "https://registry.npmjs.org/impit-win32-x64-msvc/-/impit-win32-x64-msvc-0.14.5.tgz",
      "integrity": "sha512-JvjNkJ3mSB9nf74Ftdlr+KNxCC0EOAH6KUfEUqWRrGEnniIaUOMknxQw56Gbk7Zr1/e5eAOwxS/EBlASp6Yj4w==",
      "cpu": [
        "x64"
      ],
      "license": "Apache-2.0",
      "optional": true,
      "os": [
        "win32"
      ],
      "engines": {
        "node": ">= 10"
      }
    },
    "node_modules/interactjs": {
      "version": "1.10.28",
      "resolved": "https://registry.npmjs.org/interactjs/-/interactjs-1.10.28.tgz",
      "integrity": "sha512-QCa4ksTPd2p/FZ4I6hrH6fogjLqru1TxYywRiKYNuLZtrlAxTIYUa/MYsE7PnUgWZJU3SrGVDjiz065BeaXYng==",
      "license": "MIT",
      "dependencies": {
        "@interactjs/types": "1.10.28"
      }
    },
    "node_modules/playwright": {
      "version": "1.63.0",
      "resolved": "https://registry.npmjs.org/playwright/-/playwright-1.63.0.tgz",
      "integrity": "sha512-+7ziBLidS4NaNCdt57SUDT+wYmmd5fmiQejUic/kb+YsYSCPyOOE9sebzMjNmQrsnNpDJqd4WHvV/8lfKfUDUg==",
      "license": "Apache-2.0",
      "dependencies": {
        "playwright-core": "1.63.0"
      },
      "bin": {
        "playwright": "cli.js"
      },
      "engines": {
        "node": ">=20"
      }
    },
    "node_modules/playwright-core": {
      "version": "1.63.0",
      "resolved": "https://registry.npmjs.org/playwright-core/-/playwright-core-1.63.0.tgz",
      "integrity": "sha512-rYCsBF/M5HjUch52bbtVONEFjv6Xu8sm8h72dNlR5bzIE1fvC/bxgspzkjSfU+MweEMmPM8KJebG6nnyxo5mCg==",
      "license": "Apache-2.0",
      "bin": {
        "playwright-core": "cli.js"
      },
      "engines": {
        "node": ">=20"
      }
    },
    "node_modules/robots-parser": {
      "version": "3.0.1",
      "resolved": "https://registry.npmjs.org/robots-parser/-/robots-parser-3.0.1.tgz",
      "integrity": "sha512-s+pyvQeIKIZ0dx5iJiQk1tPLJAWln39+MI5jtM8wnyws+G5azk+dMnMX0qfbqNetKKNgcWWOdi0sfm+FbQbgdQ==",
      "license": "MIT",
      "engines": {
        "node": ">=10.0.0"
      }
    },
    "node_modules/stream-chain": {
      "version": "4.2.6",
      "resolved": "https://registry.npmjs.org/stream-chain/-/stream-chain-4.2.6.tgz",
      "integrity": "sha512-1zeJ8CrtJfmiba26ui8jXkq/xLRFvhzkdH02D5QLO9Cnovgeb28IJxg88DdraWnjnkbOol/++uIAybJbJhk7ig==",
      "license": "BSD-3-Clause",
      "funding": {
        "url": "https://github.com/sponsors/uhop"
      }
    },
    "node_modules/stream-json": {
      "version": "3.7.0",
      "resolved": "https://registry.npmjs.org/stream-json/-/stream-json-3.7.0.tgz",
      "integrity": "sha512-rCSBdcBP/bPk6T8QFcxAj1MSzAuc5i49cYW6IE7sYObNEPccBJIUiL6fU9c9BWt40aJK0siVynLX7lWaW8alXw==",
      "license": "BSD-3-Clause",
      "dependencies": {
        "stream-chain": "^4.2.5"
      },
      "funding": {
        "url": "https://github.com/sponsors/uhop"
      }
    }
  }
}
